
Microsoft Visual Studio Solution File, Format Version 12.00
# Visual Studio Version 16
VisualStudioVersion = 16.0.30413.136
MinimumVisualStudioVersion = 10.0.40219.1
Project("{FAE04EC0-301F-11D3-BF4B-00C04F79EFBC}") = "Camera_001", "Camera_001.csproj", "{736D2D5F-69C7-4EF7-8011-0C34B4A13A0A}"
EndProject
Global
	GlobalSection(SolutionConfigurationPlatforms) = preSolution
		Debug|Any CPU = Debug|Any CPU
		Release|Any CPU = Release|Any CPU
	EndGlobalSection
	GlobalSection(ProjectConfigurationPlatforms) = postSolution
		{736D2D5F-69C7-4EF7-8011-0C34B4A13A0A}.Debug|Any CPU.ActiveCfg = Debug|Any CPU
		{736D2D5F-69C7-4EF7-8011-0C34B4A13A0A}.Debug|Any CPU.Build.0 = Debug|Any CPU
		{736D2D5F-69C7-4EF7-8011-0C34B4A13A0A}.Release|Any CPU.ActiveCfg = Release|Any CPU
		{736D2D5F-69C7-4EF7-8011-0C34B4A13A0A}.Release|Any CPU.Build.0 = Release|Any CPU
	EndGlobalSection
	GlobalSection(SolutionProperties) = preSolution
		HideSolutionNode = FALSE
	EndGlobalSection
	GlobalSection(ExtensibilityGlobals) = postSolution
		SolutionGuid = {A45CE853-6DD3-400D-AD7A-73635E035B29}
	EndGlobalSection
EndGlobal
